
Microsoft Visual Studio Solution File, Format Version 12.00
# Visual Studio 15
VisualStudioVersion = 15.0.28010.2026
MinimumVisualStudioVersion = 10.0.40219.1
Project("{FAE04EC0-301F-11D3-BF4B-00C04F79EFBC}") = "WordCountWebApp", "WordCountWebApp\WordCountWebApp.csproj", "{001DB888-2D40-46D3-A48B-F8EAFD366FE8}"
EndProject
Project("{FAE04EC0-301F-11D3-BF4B-00C04F79EFBC}") = "WordCountWebApp.Tests", "WordCountWebApp.Tests\WordCountWebApp.Tests.csproj", "{7510D535-F810-4563-8663-A175661CD7A8}"
EndProject
Global
	GlobalSection(SolutionConfigurationPlatforms) = preSolution
		Debug|Any CPU = Debug|Any CPU
		Release|Any CPU = Release|Any CPU
	EndGlobalSection
	GlobalSection(ProjectConfigurationPlatforms) = postSolution
		{001DB888-2D40-46D3-A48B-F8EAFD366FE8}.Debug|Any CPU.ActiveCfg = Debug|Any CPU
		{001DB888-2D40-46D3-A48B-F8EAFD366FE8}.Debug|Any CPU.Build.0 = Debug|Any CPU
		{001DB888-2D40-46D3-A48B-F8EAFD366FE8}.Release|Any CPU.ActiveCfg = Release|Any CPU
		{001DB888-2D40-46D3-A48B-F8EAFD366FE8}.Release|Any CPU.Build.0 = Release|Any CPU
		{7510D535-F810-4563-8663-A175661CD7A8}.Debug|Any CPU.ActiveCfg = Debug|Any CPU
		{7510D535-F810-4563-8663-A175661CD7A8}.Debug|Any CPU.Build.0 = Debug|Any CPU
		{7510D535-F810-4563-8663-A175661CD7A8}.Release|Any CPU.ActiveCfg = Release|Any CPU
		{7510D535-F810-4563-8663-A175661CD7A8}.Release|Any CPU.Build.0 = Release|Any CPU
	EndGlobalSection
	GlobalSection(SolutionProperties) = preSolution
		HideSolutionNode = FALSE
	EndGlobalSection
	GlobalSection(ExtensibilityGlobals) = postSolution
		SolutionGuid = {63B1D7D8-B85F-4B40-8F51-19B1A7260517}
	EndGlobalSection
EndGlobal
